<?xml version="1.0" encoding="utf-8"?>
<Project ToolsVersion="4.0" xmlns="http://schemas.microsoft.com/developer/msbuild/2003">
  <ItemGroup>
    <Filter Include="ソース ファイル">
      <UniqueIdentifier>{4FC737F1-C7A5-4376-A066-2A32D752A2FF}</UniqueIdentifier>
      <Extensions>cpp;c;cc;cxx;c++;cppm;ixx;def;odl;idl;hpj;bat;asm;asmx</Extensions>
    </Filter>
    <Filter Include="ヘッダー ファイル">
      <UniqueIdentifier>{93995380-89BD-4b04-88EB-625FBE52EBFB}</UniqueIdentifier>
      <Extensions>h;hh;hpp;hxx;h++;hm;inl;inc;ipp;xsd</Extensions>
    </Filter>
    <Filter Include="リソース ファイル">
      <UniqueIdentifier>{67DA6AB6-F800-4c08-8B7A-83BB121AAD01}</UniqueIdentifier>
      <Extensions>rc;ico;cur;bmp;dlg;rc2;rct;bin;rgs;gif;jpg;jpeg;jpe;resx;tiff;tif;png;wav;mfcribbon-ms</Extensions>
    </Filter>
  </ItemGroup>
  <ItemGroup>
    <ClCompile Include="main.cpp">
      <Filter>ソース ファイル</Filter>
    </ClCompile>
    <ClCompile Include="class\Manager\SceneManager.cpp">
      <Filter>ソース ファイル</Filter>
    </ClCompile>
    <ClCompile Include="class\Scene\BaseScene.cpp">
      <Filter>ソース ファイル</Filter>
    </ClCompile>
    <ClCompile Include="class\Scene\GameScene.cpp">
      <Filter>ソース ファイル</Filter>
    </ClCompile>
    <ClCompile Include="class\Scene\TestScene.cpp">
      <Filter>ソース ファイル</Filter>
    </ClCompile>
    <ClCompile Include="class\Common\osu\LoadOsu\Func\OsuLoadBase.cpp">
      <Filter>ソース ファイル</Filter>
    </ClCompile>
    <ClCompile Include="class\Common\osu\LoadOsu\LoadOsuFile.cpp">
      <Filter>ソース ファイル</Filter>
    </ClCompile>
    <ClCompile Include="_debug\_DebugConOut.cpp">
      <Filter>ソース ファイル</Filter>
    </ClCompile>
    <ClCompile Include="_debug\_DebugDispOut.cpp">
      <Filter>ソース ファイル</Filter>
    </ClCompile>
    <ClCompile Include="class\Common\osu\game\HitObj\Notes.cpp">
      <Filter>ソース ファイル</Filter>
    </ClCompile>
    <ClCompile Include="class\Common\osu\game\HitObj\NotesGenerate.cpp">
      <Filter>ソース ファイル</Filter>
    </ClCompile>
    <ClCompile Include="class\Common\osu\game\Lane\Draw\StraightLaneDraw.cpp">
      <Filter>ソース ファイル</Filter>
    </ClCompile>
    <ClCompile Include="class\Common\WindowSize.cpp">
      <Filter>ソース ファイル</Filter>
    </ClCompile>
    <ClCompile Include="class\Common\osu\game\SideSpaceDivision.cpp">
      <Filter>ソース ファイル</Filter>
    </ClCompile>
    <ClCompile Include="class\Common\osu\game\Lane\Lane.cpp">
      <Filter>ソース ファイル</Filter>
    </ClCompile>
    <ClCompile Include="class\Common\osu\game\Lane\LaneDivision.cpp">
      <Filter>ソース ファイル</Filter>
    </ClCompile>
    <ClCompile Include="class\Common\osu\game\Lane\LaneBox.cpp">
      <Filter>ソース ファイル</Filter>
    </ClCompile>
    <ClCompile Include="class\Common\osu\game\HitObj\NotesDraw.cpp">
      <Filter>ソース ファイル</Filter>
    </ClCompile>
    <ClCompile Include="class\Common\osu\game\NoteSizeRatio.cpp">
      <Filter>ソース ファイル</Filter>
    </ClCompile>
    <ClCompile Include="class\Common\osu\game\HitObj\NotesMove.cpp">
      <Filter>ソース ファイル</Filter>
    </ClCompile>
    <ClCompile Include="class\Common\osu\game\DecisionBar\DecisionBar.cpp">
      <Filter>ソース ファイル</Filter>
    </ClCompile>
    <ClCompile Include="class\Common\osu\game\DecisionTransform.cpp">
      <Filter>ソース ファイル</Filter>
    </ClCompile>
    <ClCompile Include="class\Common\osu\game\DecisionBar\DecisionBarDraw.cpp">
      <Filter>ソース ファイル</Filter>
    </ClCompile>
    <ClCompile Include="class\Common\osu\LoadConfigData.cpp">
      <Filter>ソース ファイル</Filter>
    </ClCompile>
    <ClCompile Include="class\Common\osu\game\Lane\LaneLength.cpp">
      <Filter>ソース ファイル</Filter>
    </ClCompile>
    <ClCompile Include="class\Common\osu\game\DecisionBar\DecisionUpdate.cpp">
      <Filter>ソース ファイル</Filter>
    </ClCompile>
    <ClCompile Include="class\Common\osu\game\DecisionData.cpp">
      <Filter>ソース ファイル</Filter>
    </ClCompile>
    <ClCompile Include="class\Input\InputManager.cpp">
      <Filter>ソース ファイル</Filter>
    </ClCompile>
    <ClCompile Include="class\Common\osu\LoadOsu\Func\General\GeneralLoad.cpp">
      <Filter>ソース ファイル</Filter>
    </ClCompile>
    <ClCompile Include="class\Common\osu\LoadOsu\Func\Events\LoadEvent.cpp">
      <Filter>ソース ファイル</Filter>
    </ClCompile>
    <ClCompile Include="class\Common\osu\LoadOsu\Func\HitObj\HitObjLoad.cpp">
      <Filter>ソース ファイル</Filter>
    </ClCompile>
    <ClCompile Include="class\Common\osu\LoadOsu\Func\Difficulty\DifficultyLoad.cpp">
      <Filter>ソース ファイル</Filter>
    </ClCompile>
    <ClCompile Include="class\Common\osu\LoadOsu\Func\Load\DefaultOsuLoad.cpp">
      <Filter>ソース ファイル</Filter>
    </ClCompile>
    <ClCompile Include="class\Common\osu\game\BackImage\BackImage.cpp">
      <Filter>ソース ファイル</Filter>
    </ClCompile>
    <ClCompile Include="class\Common\osu\game\HitObj\NoteData.cpp">
      <Filter>ソース ファイル</Filter>
    </ClCompile>
    <ClCompile Include="class\Scene\SelectScene.cpp">
      <Filter>ソース ファイル</Filter>
    </ClCompile>
    <ClCompile Include="class\Common\osu\LoadOsu\Func\Metadata\MetadataLoad.cpp">
      <Filter>ソース ファイル</Filter>
    </ClCompile>
    <ClCompile Include="class\Common\osu\game\Combo\Combo.cpp">
      <Filter>ソース ファイル</Filter>
    </ClCompile>
    <ClCompile Include="class\Common\osu\game\DecisionBar\DecisionDraw.cpp">
      <Filter>ソース ファイル</Filter>
    </ClCompile>
    <ClCompile Include="class\Common\osu\game\SetUp\SetUpGameScene.cpp">
      <Filter>ソース ファイル</Filter>
    </ClCompile>
    <ClCompile Include="class\Common\osu\game\Lane\CreateLane.cpp">
      <Filter>ソース ファイル</Filter>
    </ClCompile>
    <ClCompile Include="class\Common\osu\game\HitObj\CreateNotes.cpp">
      <Filter>ソース ファイル</Filter>
    </ClCompile>
    <ClCompile Include="class\Common\osu\Skin\Image\SkinImage.cpp">
      <Filter>ソース ファイル</Filter>
    </ClCompile>
    <ClCompile Include="class\Common\osu\Skin\Image\LoadSkinImage.cpp">
      <Filter>ソース ファイル</Filter>
    </ClCompile>
    <ClCompile Include="class\Common\osu\game\BackImage\BackImageDraw.cpp">
      <Filter>ソース ファイル</Filter>
    </ClCompile>
    <ClCompile Include="class\Common\osu\game\DecisionBar\LightDraw.cpp">
      <Filter>ソース ファイル</Filter>
    </ClCompile>
    <ClCompile Include="class\Common\Base\GameCore.cpp">
      <Filter>ソース ファイル</Filter>
    </ClCompile>
    <ClCompile Include="class\Common\Base\GameObjBase.cpp">
      <Filter>ソース ファイル</Filter>
    </ClCompile>
    <ClCompile Include="class\Common\Base\Draw\DrawBase.cpp">
      <Filter>ソース ファイル</Filter>
    </ClCompile>
    <ClCompile Include="class\Common\Base\Update\UpdateBase.cpp">
      <Filter>ソース ファイル</Filter>
    </ClCompile>
    <ClCompile Include="class\Common\Base\SetUp\CreateSupport.cpp">
      <Filter>ソース ファイル</Filter>
    </ClCompile>
    <ClCompile Include="class\Common\Base\SetUp\SetUpGameObj.cpp">
      <Filter>ソース ファイル</Filter>
    </ClCompile>
    <ClCompile Include="class\Common\Base\BaseData.cpp">
      <Filter>ソース ファイル</Filter>
    </ClCompile>
    <ClCompile Include="class\Common\osu\Select\SetUp\SetUpSelectScene.cpp">
      <Filter>ソース ファイル</Filter>
    </ClCompile>
    <ClCompile Include="class\Common\osu\game\Lane\Draw\ObliqueLaneDraw.cpp">
      <Filter>ソース ファイル</Filter>
    </ClCompile>
    <ClCompile Include="class\Common\osu\Select\Reel\Reel.cpp">
      <Filter>ソース ファイル</Filter>
    </ClCompile>
    <ClCompile Include="class\Common\osu\Select\Reel\Data\LoadReelData.cpp">
      <Filter>ソース ファイル</Filter>
    </ClCompile>
    <ClCompile Include="class\Common\osu\Select\Reel\ReelDraw.cpp">
      <Filter>ソース ファイル</Filter>
    </ClCompile>
    <ClCompile Include="class\Common\osu\Select\Reel\Data\SortReelData.cpp">
      <Filter>ソース ファイル</Filter>
    </ClCompile>
    <ClCompile Include="class\Common\osu\Select\Reel\ReelUpdate.cpp">
      <Filter>ソース ファイル</Filter>
    </ClCompile>
    <ClCompile Include="class\Common\osu\Select\Reel\Sound\ReelSound.cpp">
      <Filter>ソース ファイル</Filter>
    </ClCompile>
    <ClCompile Include="class\Common\osu\Select\Reel\Sound\ReelSoundLoad.cpp">
      <Filter>ソース ファイル</Filter>
    </ClCompile>
    <ClCompile Include="class\Common\osu\game\HitObj\NotesUpdate.cpp">
      <Filter>ソース ファイル</Filter>
    </ClCompile>
    <ClCompile Include="class\Common\osu\Select\Reel\Draw\FolderDraw.cpp">
      <Filter>ソース ファイル</Filter>
    </ClCompile>
    <ClCompile Include="class\shaderDraw\DxShDraw.cpp">
      <Filter>ソース ファイル</Filter>
    </ClCompile>
    <ClCompile Include="class\Manager\ImageMng.cpp">
      <Filter>ソース ファイル</Filter>
    </ClCompile>
    <ClCompile Include="class\Common\osu\game\Combo\ComboDraw.cpp">
      <Filter>ソース ファイル</Filter>
    </ClCompile>
    <ClCompile Include="class\GameInstance.cpp">
      <Filter>ソース ファイル</Filter>
    </ClCompile>
    <ClCompile Include="class\Timer\LoopTimer.cpp">
      <Filter>ソース ファイル</Filter>
    </ClCompile>
    <ClCompile Include="class\Input\Game\CreateGameInput.cpp">
      <Filter>ソース ファイル</Filter>
    </ClCompile>
    <ClCompile Include="class\Input\Select\CreateSelectInput.cpp">
      <Filter>ソース ファイル</Filter>
    </ClCompile>
    <ClCompile Include="class\Timer\Game\GameClock.cpp">
      <Filter>ソース ファイル</Filter>
    </ClCompile>
    <ClCompile Include="class\Scene\ResultScene.cpp">
      <Filter>ソース ファイル</Filter>
    </ClCompile>
    <ClCompile Include="class\Common\osu\Result\SetUp\SetUpResultScene.cpp">
      <Filter>ソース ファイル</Filter>
    </ClCompile>
    <ClCompile Include="class\Common\osu\Result\Result.cpp">
      <Filter>ソース ファイル</Filter>
    </ClCompile>
    <ClCompile Include="class\Common\osu\Result\ResultDraw.cpp">
      <Filter>ソース ファイル</Filter>
    </ClCompile>
    <ClCompile Include="class\Common\osu\Result\ResultData.cpp">
      <Filter>ソース ファイル</Filter>
    </ClCompile>
    <ClCompile Include="class\Common\osu\Result\ResultUpdate.cpp">
      <Filter>ソース ファイル</Filter>
    </ClCompile>
    <ClCompile Include="class\Common\osu\Result\ResultSharingData.cpp">
      <Filter>ソース ファイル</Filter>
    </ClCompile>
    <ClCompile Include="class\Input\Result\CreateResultInput.cpp">
      <Filter>ソース ファイル</Filter>
    </ClCompile>
    <ClCompile Include="class\Scene\TitleScene.cpp">
      <Filter>ソース ファイル</Filter>
    </ClCompile>
    <ClCompile Include="class\Common\osu\Select\Reel\Data\SaveReelData.cpp">
      <Filter>ソース ファイル</Filter>
    </ClCompile>
    <ClCompile Include="class\Common\osu\Select\Reel\Data\Load\LoadFolder.cpp">
      <Filter>ソース ファイル</Filter>
    </ClCompile>
    <ClCompile Include="class\Common\osu\Select\Reel\Data\Load\LoadList.cpp">
      <Filter>ソース ファイル</Filter>
    </ClCompile>
    <ClCompile Include="class\Common\osu\game\DecisionBar\HitAnim\DecisionHitAnim.cpp">
      <Filter>ソース ファイル</Filter>
    </ClCompile>
    <ClCompile Include="class\Common\osu\game\DecisionBar\HitAnim\HitAnimNormal.cpp">
      <Filter>ソース ファイル</Filter>
    </ClCompile>
    <ClCompile Include="class\Common\osu\game\DecisionBar\HitAnim\HitAnimBase.cpp">
      <Filter>ソース ファイル</Filter>
    </ClCompile>
    <ClCompile Include="class\Common\osu\game\DecisionBar\HitAnim\HitAnimHold.cpp">
      <Filter>ソース ファイル</Filter>
    </ClCompile>
    <ClCompile Include="class\Common\osu\game\DecisionBar\Update\DecisionChekNormal.cpp">
      <Filter>ソース ファイル</Filter>
    </ClCompile>
    <ClCompile Include="class\Common\osu\game\DecisionBar\Update\DecisionCheck.cpp">
      <Filter>ソース ファイル</Filter>
    </ClCompile>
    <ClCompile Include="class\Common\osu\LoadOsu\Func\TimingPoints\TimingPointsLoad.cpp">
      <Filter>ソース ファイル</Filter>
    </ClCompile>
    <ClCompile Include="class\Timer\Game\WaitSound.cpp">
      <Filter>ソース ファイル</Filter>
    </ClCompile>
    <ClCompile Include="class\Common\osu\Skin\Sound\SkinSound.cpp">
      <Filter>ソース ファイル</Filter>
    </ClCompile>
    <ClCompile Include="class\Common\osu\Skin\Sound\LoadSkinSound.cpp">
      <Filter>ソース ファイル</Filter>
    </ClCompile>
    <ClCompile Include="class\Common\osu\Skin\FolderSearch.cpp">
      <Filter>ソース ファイル</Filter>
    </ClCompile>
    <ClCompile Include="class\Common\osu\game\DecisionBar\Sound\DecisionCreateSound.cpp">
      <Filter>ソース ファイル</Filter>
    </ClCompile>
    <ClCompile Include="class\Common\osu\game\DecisionBar\Update\DecisionCheckHold.cpp">
      <Filter>ソース ファイル</Filter>
    </ClCompile>
    <ClCompile Include="class\Common\osu\Title\SetUp\SetUpTitleScene.cpp">
      <Filter>ソース ファイル</Filter>
    </ClCompile>
    <ClCompile Include="class\Input\Title\CreateTitleInput.cpp">
      <Filter>ソース ファイル</Filter>
    </ClCompile>
    <ClCompile Include="class\Common\osu\Title\TitleHed\TitleHed.cpp">
      <Filter>ソース ファイル</Filter>
    </ClCompile>
    <ClCompile Include="class\Common\osu\Title\TitleHed\TitleHedDraw.cpp">
      <Filter>ソース ファイル</Filter>
    </ClCompile>
    <ClCompile Include="class\Common\osu\Select\Reel\ReelData.cpp">
      <Filter>ソース ファイル</Filter>
    </ClCompile>
    <ClCompile Include="class\RandSeed\RandSeed.cpp">
      <Filter>ソース ファイル</Filter>
    </ClCompile>
    <ClCompile Include="class\Common\osu\Title\TitleHed\TitleHedUpdate.cpp">
      <Filter>ソース ファイル</Filter>
    </ClCompile>
    <ClCompile Include="class\Common\osu\Title\BackImage\TitleBackImage.cpp">
      <Filter>ソース ファイル</Filter>
    </ClCompile>
    <ClCompile Include="class\Common\osu\Title\BackImage\TitleBackImageDraw.cpp">
      <Filter>ソース ファイル</Filter>
    </ClCompile>
    <ClCompile Include="class\Common\osu\Title\BackImage\GradationImage.cpp">
      <Filter>ソース ファイル</Filter>
    </ClCompile>
    <ClCompile Include="class\Common\osu\Title\BackImage\RotateDraw.cpp">
      <Filter>ソース ファイル</Filter>
    </ClCompile>
    <ClCompile Include="class\Common\osu\Title\Cursor\TitleCursor.cpp">
      <Filter>ソース ファイル</Filter>
    </ClCompile>
    <ClCompile Include="class\Common\osu\Title\Cursor\TitleCursorDraw.cpp">
      <Filter>ソース ファイル</Filter>
    </ClCompile>
    <ClCompile Include="class\SoundWaveEffect\EqualizerEffect.cpp">
      <Filter>ソース ファイル</Filter>
    </ClCompile>
    <ClCompile Include="class\Scene\ChangeEffect\BackPoly.cpp">
      <Filter>ソース ファイル</Filter>
    </ClCompile>
    <ClCompile Include="class\Scene\ChangeEffect\ChangeEffect.cpp">
      <Filter>ソース ファイル</Filter>
    </ClCompile>
    <ClCompile Include="class\Scene\ChangeEffect\EffectPoly.cpp">
      <Filter>ソース ファイル</Filter>
    </ClCompile>
    <ClCompile Include="class\Scene\ChangeEffect\FrontPoly.cpp">
      <Filter>ソース ファイル</Filter>
    </ClCompile>
    <ClCompile Include="class\Common\osu\Title\Cursor\TitleCursorUpdate.cpp">
      <Filter>ソース ファイル</Filter>
    </ClCompile>
    <ClCompile Include="class\Common\osu\LoadOsu\Func\Score\CreateScoreMag.cpp">
      <Filter>ソース ファイル</Filter>
    </ClCompile>
    <ClCompile Include="class\Common\osu\game\Score\Score.cpp">
      <Filter>ソース ファイル</Filter>
    </ClCompile>
    <ClCompile Include="class\Common\osu\game\Score\ScoreDraw.cpp">
      <Filter>ソース ファイル</Filter>
    </ClCompile>
    <ClCompile Include="class\Common\osu\game\DecisionBar\DecisionDraw\DecisionDrawInterface.cpp">
      <Filter>ソース ファイル</Filter>
    </ClCompile>
    <ClCompile Include="class\Common\osu\game\DecisionBar\DecisionDraw\DecisionDrawUp.cpp">
      <Filter>ソース ファイル</Filter>
    </ClCompile>
    <ClCompile Include="class\Common\osu\game\DecisionBar\DecisionDraw\DecisionDrawRePress.cpp">
      <Filter>ソース ファイル</Filter>
    </ClCompile>
    <ClCompile Include="class\AnimCurve\animCurve.cpp">
      <Filter>ソース ファイル</Filter>
    </ClCompile>
    <ClCompile Include="class\Common\osu\game\UI\GameUI.cpp">
      <Filter>ソース ファイル</Filter>
    </ClCompile>
    <ClCompile Include="class\Common\osu\game\UI\GameUIDraw.cpp">
      <Filter>ソース ファイル</Filter>
    </ClCompile>
    <ClCompile Include="class\Common\osu\game\Combo\ComboUpdate.cpp">
      <Filter>ソース ファイル</Filter>
    </ClCompile>
    <ClCompile Include="class\Common\osu\Select\UI\SelectUI.cpp">
      <Filter>ソース ファイル</Filter>
    </ClCompile>
    <ClCompile Include="class\Common\osu\Select\UI\SelectUIDraw.cpp">
      <Filter>ソース ファイル</Filter>
    </ClCompile>
    <ClCompile Include="class\Scene\SpeedAdjustmentScene.cpp">
      <Filter>ソース ファイル</Filter>
    </ClCompile>
    <ClCompile Include="class\Input\SpeedAdjust\CreateSpeedAdjustInput.cpp">
      <Filter>ソース ファイル</Filter>
    </ClCompile>
    <ClCompile Include="class\Common\osu\SpeedAdjust\SpeedAdjust.cpp">
      <Filter>ソース ファイル</Filter>
    </ClCompile>
    <ClCompile Include="class\Common\osu\SpeedAdjust\SetUp\SetUpSpeedAdjust.cpp">
      <Filter>ソース ファイル</Filter>
    </ClCompile>
    <ClCompile Include="class\Common\osu\SpeedAdjust\Draw.cpp">
      <Filter>ソース ファイル</Filter>
    </ClCompile>
    <ClCompile Include="class\Common\osu\SpeedAdjust\Update.cpp">
      <Filter>ソース ファイル</Filter>
    </ClCompile>
    <ClCompile Include="class\SoundVolume\SoundVolume.cpp">
      <Filter>ソース ファイル</Filter>
    </ClCompile>
    <ClCompile Include="class\SoundVolume\Input\Create.cpp">
      <Filter>ソース ファイル</Filter>
    </ClCompile>
    <ClCompile Include="class\Common\osu\HistoryScore\HistoryScoreLoad.cpp">
      <Filter>ソース ファイル</Filter>
    </ClCompile>
    <ClCompile Include="class\Common\osu\HistoryScore\HistoryScoreSave.cpp">
      <Filter>ソース ファイル</Filter>
    </ClCompile>
    <ClCompile Include="class\Common\osu\HistoryScore\HistoryScore.cpp">
      <Filter>ソース ファイル</Filter>
    </ClCompile>
    <ClCompile Include="class\Common\osu\Select\Reel\Draw\SelectScoreDraw.cpp">
      <Filter>ソース ファイル</Filter>
    </ClCompile>
  </ItemGroup>
  <ItemGroup>
    <ClInclude Include="class\Manager\SceneManager.h">
      <Filter>ヘッダー ファイル</Filter>
    </ClInclude>
    <ClInclude Include="class\Scene\BaseScene.h">
      <Filter>ヘッダー ファイル</Filter>
    </ClInclude>
    <ClInclude Include="class\Scene\GameScene.h">
      <Filter>ヘッダー ファイル</Filter>
    </ClInclude>
    <ClInclude Include="class\Scene\TestScene.h">
      <Filter>ヘッダー ファイル</Filter>
    </ClInclude>
    <ClInclude Include="class\Common\osu\LoadOsu\Func\OsuLoadBase.h">
      <Filter>ヘッダー ファイル</Filter>
    </ClInclude>
    <ClInclude Include="class\Common\osu\LoadOsu\OsuCheckVersion.h">
      <Filter>ヘッダー ファイル</Filter>
    </ClInclude>
    <ClInclude Include="class\Common\osu\LoadOsu\LoadOsuFile.h">
      <Filter>ヘッダー ファイル</Filter>
    </ClInclude>
    <ClInclude Include="class\Common\osu\HitObj.h">
      <Filter>ヘッダー ファイル</Filter>
    </ClInclude>
    <ClInclude Include="class\Common\osu\LoadOsu\Func\HitObj\HitObjLoadFunc.h">
      <Filter>ヘッダー ファイル</Filter>
    </ClInclude>
    <ClInclude Include="class\Common\osu\LoadData.h">
      <Filter>ヘッダー ファイル</Filter>
    </ClInclude>
    <ClInclude Include="_debug\_DebugConOut.h">
      <Filter>ヘッダー ファイル</Filter>
    </ClInclude>
    <ClInclude Include="_debug\_DebugDispOut.h">
      <Filter>ヘッダー ファイル</Filter>
    </ClInclude>
    <ClInclude Include="class\Common\osu\game\HitObj\Notes.h">
      <Filter>ヘッダー ファイル</Filter>
    </ClInclude>
    <ClInclude Include="class\Common\osu\game\HitObj\NoteData.h">
      <Filter>ヘッダー ファイル</Filter>
    </ClInclude>
    <ClInclude Include="class\Common\osu\game\HitObj\NotesGenerate.h">
      <Filter>ヘッダー ファイル</Filter>
    </ClInclude>
    <ClInclude Include="class\Common\osu\game\Lane\Draw\StraightLaneDraw.h">
      <Filter>ヘッダー ファイル</Filter>
    </ClInclude>
    <ClInclude Include="class\Common\WindowSize.h">
      <Filter>ヘッダー ファイル</Filter>
    </ClInclude>
    <ClInclude Include="class\Common\template\Vector3.h">
      <Filter>ヘッダー ファイル</Filter>
    </ClInclude>
    <ClInclude Include="class\Common\osu\game\Lane\LaneType.h">
      <Filter>ヘッダー ファイル</Filter>
    </ClInclude>
    <ClInclude Include="class\Common\osu\game\SideSpaceDivision.h">
      <Filter>ヘッダー ファイル</Filter>
    </ClInclude>
    <ClInclude Include="class\Common\osu\game\Lane\Lane.h">
      <Filter>ヘッダー ファイル</Filter>
    </ClInclude>
    <ClInclude Include="class\Common\osu\Difficulty.h">
      <Filter>ヘッダー ファイル</Filter>
    </ClInclude>
    <ClInclude Include="class\Common\osu\LoadOsu\Func\Difficulty\DifficultyLoadFunc.h">
      <Filter>ヘッダー ファイル</Filter>
    </ClInclude>
    <ClInclude Include="class\Common\osu\LoadOsu\Func\LoadFunc.h">
      <Filter>ヘッダー ファイル</Filter>
    </ClInclude>
    <ClInclude Include="class\Common\osu\game\Lane\LaneDivision.h">
      <Filter>ヘッダー ファイル</Filter>
    </ClInclude>
    <ClInclude Include="class\Common\osu\game\Lane\LaneBox.h">
      <Filter>ヘッダー ファイル</Filter>
    </ClInclude>
    <ClInclude Include="class\Common\osu\game\HitObj\NotesDraw.h">
      <Filter>ヘッダー ファイル</Filter>
    </ClInclude>
    <ClInclude Include="class\Common\template\Vector2.h">
      <Filter>ヘッダー ファイル</Filter>
    </ClInclude>
    <ClInclude Include="class\Common\osu\game\HitObj\NotesMove.h">
      <Filter>ヘッダー ファイル</Filter>
    </ClInclude>
    <ClInclude Include="class\Common\osu\game\DecisionBar\DecisionBar.h">
      <Filter>ヘッダー ファイル</Filter>
    </ClInclude>
    <ClInclude Include="class\Common\osu\game\DecisionTransform.h">
      <Filter>ヘッダー ファイル</Filter>
    </ClInclude>
    <ClInclude Include="class\Common\osu\game\DecisionBar\DecisionBarDraw.h">
      <Filter>ヘッダー ファイル</Filter>
    </ClInclude>
    <ClInclude Include="class\Common\osu\LoadConfigData.h">
      <Filter>ヘッダー ファイル</Filter>
    </ClInclude>
    <ClInclude Include="class\Common\osu\ConfigData.h">
      <Filter>ヘッダー ファイル</Filter>
    </ClInclude>
    <ClInclude Include="class\Common\osu\game\Lane\LaneLength.h">
      <Filter>ヘッダー ファイル</Filter>
    </ClInclude>
    <ClInclude Include="class\Common\osu\game\DecisionBar\DecisionUpdate.h">
      <Filter>ヘッダー ファイル</Filter>
    </ClInclude>
    <ClInclude Include="class\Common\osu\game\NoteSizeRatio.h">
      <Filter>ヘッダー ファイル</Filter>
    </ClInclude>
    <ClInclude Include="class\Common\osu\game\DecisionData.h">
      <Filter>ヘッダー ファイル</Filter>
    </ClInclude>
    <ClInclude Include="class\Common\template\RingBuffer.h">
      <Filter>ヘッダー ファイル</Filter>
    </ClInclude>
    <ClInclude Include="class\Common\template\RingBufferItr.h">
      <Filter>ヘッダー ファイル</Filter>
    </ClInclude>
    <ClInclude Include="class\Input\InputManager.h">
      <Filter>ヘッダー ファイル</Filter>
    </ClInclude>
    <ClInclude Include="class\Common\osu\GeneralData.h">
      <Filter>ヘッダー ファイル</Filter>
    </ClInclude>
    <ClInclude Include="class\Common\osu\LoadOsu\Func\General\GeneralLoad.h">
      <Filter>ヘッダー ファイル</Filter>
    </ClInclude>
    <ClInclude Include="class\Common\osu\LoadOsu\Func\General\GeneralLoadFunc.h">
      <Filter>ヘッダー ファイル</Filter>
    </ClInclude>
    <ClInclude Include="class\Common\osu\LoadOsu\Func\CreateNumString.h">
      <Filter>ヘッダー ファイル</Filter>
    </ClInclude>
    <ClInclude Include="class\Common\osu\LoadOsu\Func\LoadSectionBase.h">
      <Filter>ヘッダー ファイル</Filter>
    </ClInclude>
    <ClInclude Include="class\Common\osu\LoadOsu\Func\LoadSectionBase\LoadSectionBase.h">
      <Filter>ヘッダー ファイル</Filter>
    </ClInclude>
    <ClInclude Include="class\Common\osu\LoadOsu\Func\Events\LoadEvent.h">
      <Filter>ヘッダー ファイル</Filter>
    </ClInclude>
    <ClInclude Include="class\Common\osu\EventsData.h">
      <Filter>ヘッダー ファイル</Filter>
    </ClInclude>
    <ClInclude Include="class\Common\osu\LoadOsu\Func\HitObj\HitObjLoad.h">
      <Filter>ヘッダー ファイル</Filter>
    </ClInclude>
    <ClInclude Include="class\Common\osu\LoadOsu\Func\Difficulty\DifficultyLoad.h">
      <Filter>ヘッダー ファイル</Filter>
    </ClInclude>
    <ClInclude Include="class\Common\osu\LoadOsu\Func\Load\DefaultOsuLoad.h">
      <Filter>ヘッダー ファイル</Filter>
    </ClInclude>
    <ClInclude Include="class\Common\osu\LoadOsu\Func\Events\LoadEventFunc.h">
      <Filter>ヘッダー ファイル</Filter>
    </ClInclude>
    <ClInclude Include="class\Common\osu\game\BackImage\BackImage.h">
      <Filter>ヘッダー ファイル</Filter>
    </ClInclude>
    <ClInclude Include="class\Scene\SelectScene.h">
      <Filter>ヘッダー ファイル</Filter>
    </ClInclude>
    <ClInclude Include="class\Common\osu\LoadOsu\Func\OpunOsuFile.h">
      <Filter>ヘッダー ファイル</Filter>
    </ClInclude>
    <ClInclude Include="class\Common\osu\LoadOsu\Func\Metadata\MetadataLoadFunc.h">
      <Filter>ヘッダー ファイル</Filter>
    </ClInclude>
    <ClInclude Include="class\Common\osu\LoadOsu\Func\Metadata\MetadataLoad.h">
      <Filter>ヘッダー ファイル</Filter>
    </ClInclude>
    <ClInclude Include="class\Common\osu\MetaData.h">
      <Filter>ヘッダー ファイル</Filter>
    </ClInclude>
    <ClInclude Include="class\Common\osu\game\Combo\Combo.h">
      <Filter>ヘッダー ファイル</Filter>
    </ClInclude>
    <ClInclude Include="class\Common\osu\game\DecisionBar\DecisionDraw.h">
      <Filter>ヘッダー ファイル</Filter>
    </ClInclude>
    <ClInclude Include="class\Common\osu\game\SetUp\SetUpGameScene.h">
      <Filter>ヘッダー ファイル</Filter>
    </ClInclude>
    <ClInclude Include="class\Timer\Timer.h">
      <Filter>ヘッダー ファイル</Filter>
    </ClInclude>
    <ClInclude Include="class\Common\osu\game\Lane\CreateLane.h">
      <Filter>ヘッダー ファイル</Filter>
    </ClInclude>
    <ClInclude Include="class\Common\osu\game\HitObj\CreateNotes.h">
      <Filter>ヘッダー ファイル</Filter>
    </ClInclude>
    <ClInclude Include="class\Common\osu\Skin\Image\SkinImageData.h">
      <Filter>ヘッダー ファイル</Filter>
    </ClInclude>
    <ClInclude Include="class\Common\osu\Skin\Image\LoadSkinImage.h">
      <Filter>ヘッダー ファイル</Filter>
    </ClInclude>
    <ClInclude Include="class\Common\osu\Skin\Image\SkinImage.h">
      <Filter>ヘッダー ファイル</Filter>
    </ClInclude>
    <ClInclude Include="class\Common\osu\game\BackImage\BackImageDraw.h">
      <Filter>ヘッダー ファイル</Filter>
    </ClInclude>
    <ClInclude Include="class\Common\osu\game\DecisionBar\LightDraw.h">
      <Filter>ヘッダー ファイル</Filter>
    </ClInclude>
    <ClInclude Include="class\Common\Base\GameObjBase.h">
      <Filter>ヘッダー ファイル</Filter>
    </ClInclude>
    <ClInclude Include="class\Common\Base\GameCore.h">
      <Filter>ヘッダー ファイル</Filter>
    </ClInclude>
    <ClInclude Include="class\Common\Base\Draw\DrawBase.h">
      <Filter>ヘッダー ファイル</Filter>
    </ClInclude>
    <ClInclude Include="class\Common\Base\Update\UpdateBase.h">
      <Filter>ヘッダー ファイル</Filter>
    </ClInclude>
    <ClInclude Include="class\Common\Base\SetUp\CreateSupport.h">
      <Filter>ヘッダー ファイル</Filter>
    </ClInclude>
    <ClInclude Include="class\Common\Base\SetUp\SetUpGameObj.h">
      <Filter>ヘッダー ファイル</Filter>
    </ClInclude>
    <ClInclude Include="class\Common\Base\BaseData.h">
      <Filter>ヘッダー ファイル</Filter>
    </ClInclude>
    <ClInclude Include="class\Common\osu\Select\SetUp\SetUpSelectScene.h">
      <Filter>ヘッダー ファイル</Filter>
    </ClInclude>
    <ClInclude Include="class\Common\osu\game\Lane\Draw\ObliqueLaneDraw.h">
      <Filter>ヘッダー ファイル</Filter>
    </ClInclude>
    <ClInclude Include="class\Common\osu\game\Lane\Draw\LaneDrawBase.h">
      <Filter>ヘッダー ファイル</Filter>
    </ClInclude>
    <ClInclude Include="class\Common\osu\Select\Reel\Reel.h">
      <Filter>ヘッダー ファイル</Filter>
    </ClInclude>
    <ClInclude Include="class\Common\osu\Select\Reel\ReelData.h">
      <Filter>ヘッダー ファイル</Filter>
    </ClInclude>
    <ClInclude Include="class\Common\osu\Select\Reel\Data\LoadReelData.h">
      <Filter>ヘッダー ファイル</Filter>
    </ClInclude>
    <ClInclude Include="class\Common\osu\Select\Reel\ReelDraw.h">
      <Filter>ヘッダー ファイル</Filter>
    </ClInclude>
    <ClInclude Include="class\Common\osu\Select\Reel\Data\SortReelData.h">
      <Filter>ヘッダー ファイル</Filter>
    </ClInclude>
    <ClInclude Include="class\Common\osu\Select\Reel\Data\ReelSortType.h">
      <Filter>ヘッダー ファイル</Filter>
    </ClInclude>
    <ClInclude Include="class\Common\osu\Select\Reel\ReelUpdate.h">
      <Filter>ヘッダー ファイル</Filter>
    </ClInclude>
    <ClInclude Include="class\Common\osu\Select\Reel\Sound\ReelSound.h">
      <Filter>ヘッダー ファイル</Filter>
    </ClInclude>
    <ClInclude Include="class\Common\osu\Select\Reel\Sound\ReelSoundLoad.h">
      <Filter>ヘッダー ファイル</Filter>
    </ClInclude>
    <ClInclude Include="class\Common\osu\game\HitObj\NotesUpdate.h">
      <Filter>ヘッダー ファイル</Filter>
    </ClInclude>
    <ClInclude Include="class\Common\osu\Select\Reel\Draw\FolderDraw.h">
      <Filter>ヘッダー ファイル</Filter>
    </ClInclude>
    <ClInclude Include="class\shaderDraw\DxShDraw.h">
      <Filter>ヘッダー ファイル</Filter>
    </ClInclude>
    <ClInclude Include="class\Manager\ImageMng.h">
      <Filter>ヘッダー ファイル</Filter>
    </ClInclude>
    <ClInclude Include="class\Common\osu\game\Combo\ComboDraw.h">
      <Filter>ヘッダー ファイル</Filter>
    </ClInclude>
    <ClInclude Include="class\Common\osu\game\GameDrawIndex.h">
      <Filter>ヘッダー ファイル</Filter>
    </ClInclude>
    <ClInclude Include="class\Common\osu\Select\SelectDrawIndex.h">
      <Filter>ヘッダー ファイル</Filter>
    </ClInclude>
    <ClInclude Include="class\Scene\UsingChangeSceneFunc.h">
      <Filter>ヘッダー ファイル</Filter>
    </ClInclude>
    <ClInclude Include="class\GameInstance.h">
      <Filter>ヘッダー ファイル</Filter>
    </ClInclude>
    <ClInclude Include="class\Timer\LoopTimer.h">
      <Filter>ヘッダー ファイル</Filter>
    </ClInclude>
    <ClInclude Include="class\Input\Game\GameSceneInputKey.h">
      <Filter>ヘッダー ファイル</Filter>
    </ClInclude>
    <ClInclude Include="class\Input\EnumCast.h">
      <Filter>ヘッダー ファイル</Filter>
    </ClInclude>
    <ClInclude Include="class\Input\Game\CreateGameInput.h">
      <Filter>ヘッダー ファイル</Filter>
    </ClInclude>
    <ClInclude Include="class\Input\Select\CreateSelectInput.h">
      <Filter>ヘッダー ファイル</Filter>
    </ClInclude>
    <ClInclude Include="class\Input\Select\SelectSceneInput.h">
      <Filter>ヘッダー ファイル</Filter>
    </ClInclude>
    <ClInclude Include="class\Timer\Game\GameClock.h">
      <Filter>ヘッダー ファイル</Filter>
    </ClInclude>
    <ClInclude Include="class\Scene\ResultScene.h">
      <Filter>ヘッダー ファイル</Filter>
    </ClInclude>
    <ClInclude Include="class\Common\osu\Result\SetUp\SetUpResultScene.h">
      <Filter>ヘッダー ファイル</Filter>
    </ClInclude>
    <ClInclude Include="class\Common\osu\Result\Result.h">
      <Filter>ヘッダー ファイル</Filter>
    </ClInclude>
    <ClInclude Include="class\Common\osu\Result\ResultDraw.h">
      <Filter>ヘッダー ファイル</Filter>
    </ClInclude>
    <ClInclude Include="class\Common\osu\Result\ResultData.h">
      <Filter>ヘッダー ファイル</Filter>
    </ClInclude>
    <ClInclude Include="class\Common\osu\Result\ResultUpdate.h">
      <Filter>ヘッダー ファイル</Filter>
    </ClInclude>
    <ClInclude Include="class\Common\osu\Result\ResultSharingData.h">
      <Filter>ヘッダー ファイル</Filter>
    </ClInclude>
    <ClInclude Include="class\Input\Result\ResultSceneInputKey.h">
      <Filter>ヘッダー ファイル</Filter>
    </ClInclude>
    <ClInclude Include="class\Input\Result\CreateResultInput.h">
      <Filter>ヘッダー ファイル</Filter>
    </ClInclude>
    <ClInclude Include="class\Scene\TitleScene.h">
      <Filter>ヘッダー ファイル</Filter>
    </ClInclude>
    <ClInclude Include="class\Common\osu\Select\Reel\Data\SaveReelData.h">
      <Filter>ヘッダー ファイル</Filter>
    </ClInclude>
    <ClInclude Include="class\Common\osu\Select\Reel\Data\Load\LoadFolder.h">
      <Filter>ヘッダー ファイル</Filter>
    </ClInclude>
    <ClInclude Include="class\Common\osu\Select\Reel\Data\Load\LoadList.h">
      <Filter>ヘッダー ファイル</Filter>
    </ClInclude>
    <ClInclude Include="class\Common\osu\Select\Reel\Data\MusicListPath.h">
      <Filter>ヘッダー ファイル</Filter>
    </ClInclude>
    <ClInclude Include="class\Common\osu\game\DecisionBar\HitAnim\DecisionHitAnim.h">
      <Filter>ヘッダー ファイル</Filter>
    </ClInclude>
    <ClInclude Include="class\Common\osu\game\DecisionBar\HitAnim\HitAnimEnum.h">
      <Filter>ヘッダー ファイル</Filter>
    </ClInclude>
    <ClInclude Include="class\Common\osu\game\DecisionBar\HitAnim\HitAnimNormal.h">
      <Filter>ヘッダー ファイル</Filter>
    </ClInclude>
    <ClInclude Include="class\Common\osu\game\DecisionBar\HitAnim\HitAnimBase.h">
      <Filter>ヘッダー ファイル</Filter>
    </ClInclude>
    <ClInclude Include="class\Common\osu\game\DecisionBar\CreateBarBoxData.h">
      <Filter>ヘッダー ファイル</Filter>
    </ClInclude>
    <ClInclude Include="class\Common\osu\game\DecisionBar\HitAnim\HitAnimHold.h">
      <Filter>ヘッダー ファイル</Filter>
    </ClInclude>
    <ClInclude Include="class\Common\osu\game\DecisionBar\Update\DecisionChekNormal.h">
      <Filter>ヘッダー ファイル</Filter>
    </ClInclude>
    <ClInclude Include="class\Common\osu\game\DecisionBar\Update\DecisionCheck.h">
      <Filter>ヘッダー ファイル</Filter>
    </ClInclude>
    <ClInclude Include="class\Common\osu\LoadOsu\Func\TimingPoints\TimingPointsLoadFunc.h">
      <Filter>ヘッダー ファイル</Filter>
    </ClInclude>
    <ClInclude Include="class\Common\osu\LoadOsu\Func\TimingPoints\TimingPointsLoad.h">
      <Filter>ヘッダー ファイル</Filter>
    </ClInclude>
    <ClInclude Include="class\Common\osu\TimingPointsData.h">
      <Filter>ヘッダー ファイル</Filter>
    </ClInclude>
    <ClInclude Include="class\Timer\Game\WaitSound.h">
      <Filter>ヘッダー ファイル</Filter>
    </ClInclude>
    <ClInclude Include="class\Common\osu\game\DecisionBar\SetDrawEnum.h">
      <Filter>ヘッダー ファイル</Filter>
    </ClInclude>
    <ClInclude Include="class\Common\osu\Skin\Sound\SkinSound.h">
      <Filter>ヘッダー ファイル</Filter>
    </ClInclude>
    <ClInclude Include="class\Common\osu\Skin\Sound\SkinSoundData.h">
      <Filter>ヘッダー ファイル</Filter>
    </ClInclude>
    <ClInclude Include="class\Common\osu\Skin\Sound\LoadSkinSound.h">
      <Filter>ヘッダー ファイル</Filter>
    </ClInclude>
    <ClInclude Include="class\Common\osu\Skin\DefaultPath.h">
      <Filter>ヘッダー ファイル</Filter>
    </ClInclude>
    <ClInclude Include="class\Common\osu\Skin\FolderSearch.h">
      <Filter>ヘッダー ファイル</Filter>
    </ClInclude>
    <ClInclude Include="class\Common\osu\game\DecisionBar\Sound\HitSoundData.h">
      <Filter>ヘッダー ファイル</Filter>
    </ClInclude>
    <ClInclude Include="class\Common\osu\game\DecisionBar\Sound\DecisionCreateSound.h">
      <Filter>ヘッダー ファイル</Filter>
    </ClInclude>
    <ClInclude Include="class\Common\osu\game\DecisionBar\Update\DecisionCheckHold.h">
      <Filter>ヘッダー ファイル</Filter>
    </ClInclude>
    <ClInclude Include="class\Common\osu\Title\TitleDrawIndex.h">
      <Filter>ヘッダー ファイル</Filter>
    </ClInclude>
    <ClInclude Include="class\Common\osu\Title\SetUp\SetUpTitleScene.h">
      <Filter>ヘッダー ファイル</Filter>
    </ClInclude>
    <ClInclude Include="class\Input\Title\CreateTitleInput.h">
      <Filter>ヘッダー ファイル</Filter>
    </ClInclude>
    <ClInclude Include="class\Input\Title\TitleSceneInput.h">
      <Filter>ヘッダー ファイル</Filter>
    </ClInclude>
    <ClInclude Include="class\Common\osu\Title\TitleHed\TitleHed.h">
      <Filter>ヘッダー ファイル</Filter>
    </ClInclude>
    <ClInclude Include="class\Common\osu\Title\TitleHed\TitleHedDraw.h">
      <Filter>ヘッダー ファイル</Filter>
    </ClInclude>
    <ClInclude Include="class\RandSeed\RandSeed.h">
      <Filter>ヘッダー ファイル</Filter>
    </ClInclude>
    <ClInclude Include="class\Common\osu\Title\TitleHed\TitleHedUpdate.h">
      <Filter>ヘッダー ファイル</Filter>
    </ClInclude>
    <ClInclude Include="class\Common\osu\Title\BackImage\TitleBackImage.h">
      <Filter>ヘッダー ファイル</Filter>
    </ClInclude>
    <ClInclude Include="class\Common\osu\Title\BackImage\TitleBackImageDraw.h">
      <Filter>ヘッダー ファイル</Filter>
    </ClInclude>
    <ClInclude Include="class\Common\osu\Title\BackImage\GradationImage.h">
      <Filter>ヘッダー ファイル</Filter>
    </ClInclude>
    <ClInclude Include="class\Common\osu\Title\BackImage\RotateDraw.h">
      <Filter>ヘッダー ファイル</Filter>
    </ClInclude>
    <ClInclude Include="class\Common\osu\Title\Cursor\TitleCursor.h">
      <Filter>ヘッダー ファイル</Filter>
    </ClInclude>
    <ClInclude Include="class\Common\osu\Title\Cursor\TitleCursorDraw.h">
      <Filter>ヘッダー ファイル</Filter>
    </ClInclude>
    <ClInclude Include="class\SoundWaveEffect\EqualizerEffect.h">
      <Filter>ヘッダー ファイル</Filter>
    </ClInclude>
    <ClInclude Include="class\Common\osu\Title\Cursor\CursorShareData.h">
      <Filter>ヘッダー ファイル</Filter>
    </ClInclude>
    <ClInclude Include="class\Scene\ChangeEffect\BackPoly.h">
      <Filter>ヘッダー ファイル</Filter>
    </ClInclude>
    <ClInclude Include="class\Scene\ChangeEffect\ChangeEffect.h">
      <Filter>ヘッダー ファイル</Filter>
    </ClInclude>
    <ClInclude Include="class\Scene\ChangeEffect\EffectPoly.h">
      <Filter>ヘッダー ファイル</Filter>
    </ClInclude>
    <ClInclude Include="class\Scene\ChangeEffect\FrontPoly.h">
      <Filter>ヘッダー ファイル</Filter>
    </ClInclude>
    <ClInclude Include="class\Common\osu\Select\Reel\ReelAnimData.h">
      <Filter>ヘッダー ファイル</Filter>
    </ClInclude>
    <ClInclude Include="class\Common\osu\Title\Cursor\TitleCursorUpdate.h">
      <Filter>ヘッダー ファイル</Filter>
    </ClInclude>
    <ClInclude Include="class\Common\osu\ScoreMagData.h">
      <Filter>ヘッダー ファイル</Filter>
    </ClInclude>
    <ClInclude Include="class\Common\osu\LoadOsu\Func\Score\CreateScoreMag.h">
      <Filter>ヘッダー ファイル</Filter>
    </ClInclude>
    <ClInclude Include="class\Common\osu\Select\Reel\Draw\HSVtoRGB.h">
      <Filter>ヘッダー ファイル</Filter>
    </ClInclude>
    <ClInclude Include="class\Common\osu\Select\Reel\Draw\RGBtoHSV.h">
      <Filter>ヘッダー ファイル</Filter>
    </ClInclude>
    <ClInclude Include="class\Common\osu\game\Score\Score.h">
      <Filter>ヘッダー ファイル</Filter>
    </ClInclude>
    <ClInclude Include="class\Common\osu\game\Score\ScoreDraw.h">
      <Filter>ヘッダー ファイル</Filter>
    </ClInclude>
    <ClInclude Include="class\Common\osu\game\DecisionBar\DecisionDraw\DecisionDrawInterface.h">
      <Filter>ヘッダー ファイル</Filter>
    </ClInclude>
    <ClInclude Include="class\Common\osu\game\DecisionBar\DecisionDraw\DecisionDrawUp.h">
      <Filter>ヘッダー ファイル</Filter>
    </ClInclude>
    <ClInclude Include="class\Common\osu\game\DecisionBar\DecisionDraw\DecisionDrawRePress.h">
      <Filter>ヘッダー ファイル</Filter>
    </ClInclude>
    <ClInclude Include="class\AnimCurve\animCurve.h">
      <Filter>ヘッダー ファイル</Filter>
    </ClInclude>
    <ClInclude Include="class\Common\osu\game\UI\GameUI.h">
      <Filter>ヘッダー ファイル</Filter>
    </ClInclude>
    <ClInclude Include="class\Common\osu\game\UI\GameUIDraw.h">
      <Filter>ヘッダー ファイル</Filter>
    </ClInclude>
    <ClInclude Include="class\Common\osu\game\Key\KeyData.h">
      <Filter>ヘッダー ファイル</Filter>
    </ClInclude>
    <ClInclude Include="class\Common\osu\game\Combo\ComboUpdate.h">
      <Filter>ヘッダー ファイル</Filter>
    </ClInclude>
    <ClInclude Include="class\Common\osu\Select\UI\SelectUI.h">
      <Filter>ヘッダー ファイル</Filter>
    </ClInclude>
    <ClInclude Include="class\Common\osu\Select\UI\SelectUIDraw.h">
      <Filter>ヘッダー ファイル</Filter>
    </ClInclude>
    <ClInclude Include="class\Scene\SpeedAdjustmentScene.h">
      <Filter>ヘッダー ファイル</Filter>
    </ClInclude>
    <ClInclude Include="class\Input\SpeedAdjust\CreateSpeedAdjustInput.h">
      <Filter>ヘッダー ファイル</Filter>
    </ClInclude>
    <ClInclude Include="class\Input\SpeedAdjust\SpeedAdjustInput.h">
      <Filter>ヘッダー ファイル</Filter>
    </ClInclude>
    <ClInclude Include="class\Common\osu\SpeedAdjust\DrawIndex.h">
      <Filter>ヘッダー ファイル</Filter>
    </ClInclude>
    <ClInclude Include="class\Common\osu\SpeedAdjust\SpeedAdjust.h">
      <Filter>ヘッダー ファイル</Filter>
    </ClInclude>
    <ClInclude Include="class\Common\osu\SpeedAdjust\SetUp\SetUpSpeedAdjust.h">
      <Filter>ヘッダー ファイル</Filter>
    </ClInclude>
    <ClInclude Include="class\Common\osu\SpeedAdjust\Draw.h">
      <Filter>ヘッダー ファイル</Filter>
    </ClInclude>
    <ClInclude Include="class\Common\osu\game\HitObj\GetPriorTime.h">
      <Filter>ヘッダー ファイル</Filter>
    </ClInclude>
    <ClInclude Include="class\Common\osu\SpeedAdjust\Update.h">
      <Filter>ヘッダー ファイル</Filter>
    </ClInclude>
    <ClInclude Include="resource.h">
      <Filter>ヘッダー ファイル</Filter>
    </ClInclude>
    <ClInclude Include="class\SoundVolume\SoundVolume.h">
      <Filter>ヘッダー ファイル</Filter>
    </ClInclude>
    <ClInclude Include="class\SoundVolume\Input\Create.h">
      <Filter>ヘッダー ファイル</Filter>
    </ClInclude>
    <ClInclude Include="class\SoundVolume\Input\Enum.h">
      <Filter>ヘッダー ファイル</Filter>
    </ClInclude>
    <ClInclude Include="class\SoundVolume\SoundType.h">
      <Filter>ヘッダー ファイル</Filter>
    </ClInclude>
    <ClInclude Include="class\Common\osu\HistoryScore\HistoryScore.h">
      <Filter>ヘッダー ファイル</Filter>
    </ClInclude>
    <ClInclude Include="class\Common\osu\HistoryScore\HistoryScoreLoad.h">
      <Filter>ヘッダー ファイル</Filter>
    </ClInclude>
    <ClInclude Include="class\Common\osu\HistoryScore\HistoryScoreSave.h">
      <Filter>ヘッダー ファイル</Filter>
    </ClInclude>
    <ClInclude Include="class\Common\osu\Select\Reel\Draw\SelectScoreDraw.h">
      <Filter>ヘッダー ファイル</Filter>
    </ClInclude>
    <ClInclude Include="class\Common\osu\HistoryScore\MakeScoreRank.h">
      <Filter>ヘッダー ファイル</Filter>
    </ClInclude>
    <ClInclude Include="class\Input\BaseCreateInput.h">
      <Filter>ヘッダー ファイル</Filter>
    </ClInclude>
    <ClInclude Include="class\JsonParam\IOJSON.h">
      <Filter>ヘッダー ファイル</Filter>
    </ClInclude>
  </ItemGroup>
  <ItemGroup>
    <None Include="resource\shader\Cursor.pso" />
  </ItemGroup>
  <ItemGroup>
    <FxCompile Include="resource\shader\MulColor.hlsl" />
    <FxCompile Include="resource\shader\AdditiveColor.hlsl" />
    <FxCompile Include="resource\shader\Gradation.hlsl" />
    <FxCompile Include="resource\shader\UVScroll.hlsl" />
    <FxCompile Include="resource\shader\DrawSelectCursor.hlsl" />
    <FxCompile Include="resource\shader\MonoAddAlphaColor.hlsl" />
    <FxCompile Include="resource\shader\CoreThickness.hlsl" />
  </ItemGroup>
  <ItemGroup>
    <ResourceCompile Include="MusicGame.rc">
      <Filter>リソース ファイル</Filter>
    </ResourceCompile>
  </ItemGroup>
</Project>